
Microsoft Visual Studio Solution File, Format Version 12.00
# Visual Studio 15
VisualStudioVersion = 15.0.28307.852
MinimumVisualStudioVersion = 10.0.40219.1
Project("{FAE04EC0-301F-11D3-BF4B-00C04F79EFBC}") = "WebApp2", "WebApp2\WebApp2.csproj", "{00FEF6C3-9695-4330-97D3-03C4F9FEE022}"
EndProject
Global
	GlobalSection(SolutionConfigurationPlatforms) = preSolution
		Debug|Any CPU = Debug|Any CPU
		Release|Any CPU = Release|Any CPU
	EndGlobalSection
	GlobalSection(ProjectConfigurationPlatforms) = postSolution
		{00FEF6C3-9695-4330-97D3-03C4F9FEE022}.Debug|Any CPU.ActiveCfg = Debug|Any CPU
		{00FEF6C3-9695-4330-97D3-03C4F9FEE022}.Debug|Any CPU.Build.0 = Debug|Any CPU
		{00FEF6C3-9695-4330-97D3-03C4F9FEE022}.Release|Any CPU.ActiveCfg = Release|Any CPU
		{00FEF6C3-9695-4330-97D3-03C4F9FEE022}.Release|Any CPU.Build.0 = Release|Any CPU
	EndGlobalSection
	GlobalSection(SolutionProperties) = preSolution
		HideSolutionNode = FALSE
	EndGlobalSection
	GlobalSection(ExtensibilityGlobals) = postSolution
		SolutionGuid = {E19BD68B-D075-4CB8-9A97-4A879572F72B}
	EndGlobalSection
EndGlobal
